
Microsoft Visual Studio Solution File, Format Version 12.00
# Visual Studio 15
VisualStudioVersion = 15.0.36217.24
MinimumVisualStudioVersion = 10.0.40219.1
Project("{FAE04EC0-301F-11D3-BF4B-00C04F79EFBC}") = "PickingSystem_001", "PickingSystem_001\PickingSystem_001.csproj", "{93028847-51C0-424D-8976-2888BB96AC19}"
EndProject
Global
	GlobalSection(SolutionConfigurationPlatforms) = preSolution
		Debug|Any CPU = Debug|Any CPU
		Release|Any CPU = Release|Any CPU
	EndGlobalSection
	GlobalSection(ProjectConfigurationPlatforms) = postSolution
		{93028847-51C0-424D-8976-2888BB96AC19}.Debug|Any CPU.ActiveCfg = Debug|Any CPU
		{93028847-51C0-424D-8976-2888BB96AC19}.Debug|Any CPU.Build.0 = Debug|Any CPU
		{93028847-51C0-424D-8976-2888BB96AC19}.Release|Any CPU.ActiveCfg = Release|Any CPU
		{93028847-51C0-424D-8976-2888BB96AC19}.Release|Any CPU.Build.0 = Release|Any CPU
	EndGlobalSection
	GlobalSection(SolutionProperties) = preSolution
		HideSolutionNode = FALSE
	EndGlobalSection
	GlobalSection(ExtensibilityGlobals) = postSolution
		SolutionGuid = {79F6E003-EA71-4814-A42E-D1976970E82F}
	EndGlobalSection
EndGlobal
